
Microsoft Visual Studio Solution File, Format Version 12.00
# Visual Studio Version 17
VisualStudioVersion = 17.7.34024.191
MinimumVisualStudioVersion = 10.0.40219.1
Project("{9A19103F-16F7-4668-BE54-9A1E7A4F7556}") = "AspNetCoreMvcApp", "AspNetCoreMvcApp\AspNetCoreMvcApp.csproj", "{83189C23-19CD-4588-A71A-C887D0BE07B6}"
EndProject
Project("{9A19103F-16F7-4668-BE54-9A1E7A4F7556}") = "CocktailClassLibrary", "CocktailClassLibrary\CocktailClassLibrary.csproj", "{52453AD6-16F0-40B5-8436-0E50D28483EC}"
EndProject
Project("{9A19103F-16F7-4668-BE54-9A1E7A4F7556}") = "CharactersClassLibrary", "CharactersClassLibrary\CharactersClassLibrary.csproj", "{1649DDEA-285A-4399-ABA4-4C7CB1CABB40}"
EndProject
Project("{9A19103F-16F7-4668-BE54-9A1E7A4F7556}") = "ShapesClassLibrary", "..\..\2\AnimalsClassLibrary\ShapesClassLibrary\ShapesClassLibrary.csproj", "{D01D7278-E7BD-4401-B8F2-EFF41F091777}"
EndProject
Project("{FAE04EC0-301F-11D3-BF4B-00C04F79EFBC}") = "GadgetsClassLibrary", "GadgetsClassLibrary\GadgetsClassLibrary.csproj", "{F334A24B-FC37-4CC5-9651-7B4DCCFA1F3F}"
EndProject
Global
	GlobalSection(SolutionConfigurationPlatforms) = preSolution
		Debug|Any CPU = Debug|Any CPU
		Release|Any CPU = Release|Any CPU
	EndGlobalSection
	GlobalSection(ProjectConfigurationPlatforms) = postSolution
		{83189C23-19CD-4588-A71A-C887D0BE07B6}.Debug|Any CPU.ActiveCfg = Debug|Any CPU
		{83189C23-19CD-4588-A71A-C887D0BE07B6}.Debug|Any CPU.Build.0 = Debug|Any CPU
		{83189C23-19CD-4588-A71A-C887D0BE07B6}.Release|Any CPU.ActiveCfg = Release|Any CPU
		{83189C23-19CD-4588-A71A-C887D0BE07B6}.Release|Any CPU.Build.0 = Release|Any CPU
		{52453AD6-16F0-40B5-8436-0E50D28483EC}.Debug|Any CPU.ActiveCfg = Debug|Any CPU
		{52453AD6-16F0-40B5-8436-0E50D28483EC}.Debug|Any CPU.Build.0 = Debug|Any CPU
		{52453AD6-16F0-40B5-8436-0E50D28483EC}.Release|Any CPU.ActiveCfg = Release|Any CPU
		{52453AD6-16F0-40B5-8436-0E50D28483EC}.Release|Any CPU.Build.0 = Release|Any CPU
		{1649DDEA-285A-4399-ABA4-4C7CB1CABB40}.Debug|Any CPU.ActiveCfg = Debug|Any CPU
		{1649DDEA-285A-4399-ABA4-4C7CB1CABB40}.Debug|Any CPU.Build.0 = Debug|Any CPU
		{1649DDEA-285A-4399-ABA4-4C7CB1CABB40}.Release|Any CPU.ActiveCfg = Release|Any CPU
		{1649DDEA-285A-4399-ABA4-4C7CB1CABB40}.Release|Any CPU.Build.0 = Release|Any CPU
		{D01D7278-E7BD-4401-B8F2-EFF41F091777}.Debug|Any CPU.ActiveCfg = Debug|Any CPU
		{D01D7278-E7BD-4401-B8F2-EFF41F091777}.Debug|Any CPU.Build.0 = Debug|Any CPU
		{D01D7278-E7BD-4401-B8F2-EFF41F091777}.Release|Any CPU.ActiveCfg = Release|Any CPU
		{D01D7278-E7BD-4401-B8F2-EFF41F091777}.Release|Any CPU.Build.0 = Release|Any CPU
		{F334A24B-FC37-4CC5-9651-7B4DCCFA1F3F}.Debug|Any CPU.ActiveCfg = Debug|Any CPU
		{F334A24B-FC37-4CC5-9651-7B4DCCFA1F3F}.Debug|Any CPU.Build.0 = Debug|Any CPU
		{F334A24B-FC37-4CC5-9651-7B4DCCFA1F3F}.Release|Any CPU.ActiveCfg = Release|Any CPU
		{F334A24B-FC37-4CC5-9651-7B4DCCFA1F3F}.Release|Any CPU.Build.0 = Release|Any CPU
	EndGlobalSection
	GlobalSection(SolutionProperties) = preSolution
		HideSolutionNode = FALSE
	EndGlobalSection
	GlobalSection(ExtensibilityGlobals) = postSolution
		SolutionGuid = {D9702B97-5F5B-4A67-A1A7-87A601372DA6}
	EndGlobalSection
EndGlobal
