
Microsoft Visual Studio Solution File, Format Version 12.00
# Visual Studio Version 17
VisualStudioVersion = 17.7.34024.191
MinimumVisualStudioVersion = 10.0.40219.1
Project("{FAE04EC0-301F-11D3-BF4B-00C04F79EFBC}") = "HomeWork1", "HomeWork1\HomeWork1.csproj", "{496903F5-A680-428E-84D3-DF6C1DC1C836}"
EndProject
Global
	GlobalSection(SolutionConfigurationPlatforms) = preSolution
		Debug|Any CPU = Debug|Any CPU
		Release|Any CPU = Release|Any CPU
	EndGlobalSection
	GlobalSection(ProjectConfigurationPlatforms) = postSolution
		{496903F5-A680-428E-84D3-DF6C1DC1C836}.Debug|Any CPU.ActiveCfg = Debug|Any CPU
		{496903F5-A680-428E-84D3-DF6C1DC1C836}.Debug|Any CPU.Build.0 = Debug|Any CPU
		{496903F5-A680-428E-84D3-DF6C1DC1C836}.Release|Any CPU.ActiveCfg = Release|Any CPU
		{496903F5-A680-428E-84D3-DF6C1DC1C836}.Release|Any CPU.Build.0 = Release|Any CPU
	EndGlobalSection
	GlobalSection(SolutionProperties) = preSolution
		HideSolutionNode = FALSE
	EndGlobalSection
	GlobalSection(ExtensibilityGlobals) = postSolution
		SolutionGuid = {20F7217F-8ADD-4286-8C06-EB8BD98FC239}
	EndGlobalSection
EndGlobal
